version = 1
revision = 1
requires-python = "==3.11.12"

[[package]]
name = "annotated-types"
version = "0.7.0"
source = { registry = "https://pypi.org/simple" }
sdist = { url = "https://files.pythonhosted.org/packages/ee/67/531ea369ba64dcff5ec9c3402f9f51bf748cec26dde048a2f973a4eea7f5/annotated_types-0.7.0.tar.gz", hash = "sha256:aff07c09a53a08bc8cfccb9c85b05f1aa9a2a6f23728d790723543408344ce89", size = 16081 }
wheels = [
    { url = "https://files.pythonhosted.org/packages/78/b6/6307fbef88d9b5ee7421e68d78a9f162e0da4900bc5f5793f6d3d0e34fb8/annotated_types-0.7.0-py3-none-any.whl", hash = "sha256:1f02e8b43a8fbbc3f3e0d4f0f4bfc8131bcb4eebe8849b8e5c773f3a1c582a53", size = 13643 },
]

[[package]]
name = "cargo-docgen"
version = "0.1.3"
source = { virtual = "." }
dependencies = [
    { name = "click" },
    { name = "mirascope" },
    { name = "termcolor" },
    { name = "toml" },
    { name = "tree-sitter" },
    { name = "tree-sitter-rust" },
]

[package.metadata]
requires-dist = [
    { name = "click", specifier = ">=8.1.8" },
    { name = "mirascope", specifier = ">=1.22.3" },
    { name = "termcolor", specifier = ">=3.0.1" },
    { name = "toml", specifier = ">=0.10.2" },
    { name = "tree-sitter", specifier = "==0.24.0" },
    { name = "tree-sitter-rust", specifier = "==0.23.0" },
]

[[package]]
name = "click"
version = "8.1.8"
source = { registry = "https://pypi.org/simple" }
dependencies = [
    { name = "colorama", marker = "sys_platform == 'win32'" },
]
sdist = { url = "https://files.pythonhosted.org/packages/b9/2e/0090cbf739cee7d23781ad4b89a9894a41538e4fcf4c31dcdd705b78eb8b/click-8.1.8.tar.gz", hash = "sha256:ed53c9d8990d83c2a27deae68e4ee337473f6330c040a31d4225c9574d16096a", size = 226593 }
wheels = [
    { url = "https://files.pythonhosted.org/packages/7e/d4/7ebdbd03970677812aac39c869717059dbb71a4cfc033ca6e5221787892c/click-8.1.8-py3-none-any.whl", hash = "sha256:63c132bbbed01578a06712a2d1f497bb62d9c1c0d329b7903a866228027263b2", size = 98188 },
]

[[package]]
name = "colorama"
version = "0.4.6"
source = { registry = "https://pypi.org/simple" }
sdist = { url = "https://files.pythonhosted.org/packages/d8/53/6f443c9a4a8358a93a6792e2acffb9d9d5cb0a5cfd8802644b7b1c9a02e4/colorama-0.4.6.tar.gz", hash = "sha256:08695f5cb7ed6e0531a20572697297273c47b8cae5a63ffc6d6ed5c201be6e44", size = 27697 }
wheels = [
    { url = "https://files.pythonhosted.org/packages/d1/d6/3965ed04c63042e047cb6a3e6ed1a63a35087b6a609aa3a15ed8ac56c221/colorama-0.4.6-py2.py3-none-any.whl", hash = "sha256:4f1d9991f5acc0ca119f9d443620b77f9d6b33703e51011c16baf57afb285fc6", size = 25335 },
]

[[package]]
name = "docstring-parser"
version = "0.16"
source = { registry = "https://pypi.org/simple" }
sdist = { url = "https://files.pythonhosted.org/packages/08/12/9c22a58c0b1e29271051222d8906257616da84135af9ed167c9e28f85cb3/docstring_parser-0.16.tar.gz", hash = "sha256:538beabd0af1e2db0146b6bd3caa526c35a34d61af9fd2887f3a8a27a739aa6e", size = 26565 }
wheels = [
    { url = "https://files.pythonhosted.org/packages/d5/7c/e9fcff7623954d86bdc17782036cbf715ecab1bec4847c008557affe1ca8/docstring_parser-0.16-py3-none-any.whl", hash = "sha256:bf0a1387354d3691d102edef7ec124f219ef639982d096e26e3b60aeffa90637", size = 36533 },
]

[[package]]
name = "jiter"
version = "0.9.0"
source = { registry = "https://pypi.org/simple" }
sdist = { url = "https://files.pythonhosted.org/packages/1e/c2/e4562507f52f0af7036da125bb699602ead37a2332af0788f8e0a3417f36/jiter-0.9.0.tar.gz", hash = "sha256:aadba0964deb424daa24492abc3d229c60c4a31bfee205aedbf1acc7639d7893", size = 162604 }
wheels = [
    { url = "https://files.pythonhosted.org/packages/23/44/e241a043f114299254e44d7e777ead311da400517f179665e59611ab0ee4/jiter-0.9.0-cp311-cp311-macosx_10_12_x86_64.whl", hash = "sha256:6c4d99c71508912a7e556d631768dcdef43648a93660670986916b297f1c54af", size = 314654 },
    { url = "https://files.pythonhosted.org/packages/fb/1b/a7e5e42db9fa262baaa9489d8d14ca93f8663e7f164ed5e9acc9f467fc00/jiter-0.9.0-cp311-cp311-macosx_11_0_arm64.whl", hash = "sha256:8f60fb8ce7df529812bf6c625635a19d27f30806885139e367af93f6e734ef58", size = 320909 },
    { url = "https://files.pythonhosted.org/packages/60/bf/8ebdfce77bc04b81abf2ea316e9c03b4a866a7d739cf355eae4d6fd9f6fe/jiter-0.9.0-cp311-cp311-manylinux_2_17_aarch64.manylinux2014_aarch64.whl", hash = "sha256:51c4e1a4f8ea84d98b7b98912aa4290ac3d1eabfde8e3c34541fae30e9d1f08b", size = 341733 },
    { url = "https://files.pythonhosted.org/packages/a8/4e/754ebce77cff9ab34d1d0fa0fe98f5d42590fd33622509a3ba6ec37ff466/jiter-0.9.0-cp311-cp311-manylinux_2_17_armv7l.manylinux2014_armv7l.whl", hash = "sha256:5f4c677c424dc76684fea3e7285a7a2a7493424bea89ac441045e6a1fb1d7b3b", size = 365097 },
    { url = "https://files.pythonhosted.org/packages/32/2c/6019587e6f5844c612ae18ca892f4cd7b3d8bbf49461ed29e384a0f13d98/jiter-0.9.0-cp311-cp311-manylinux_2_17_ppc64le.manylinux2014_ppc64le.whl", hash = "sha256:2221176dfec87f3470b21e6abca056e6b04ce9bff72315cb0b243ca9e835a4b5", size = 406603 },
    { url = "https://files.pythonhosted.org/packages/da/e9/c9e6546c817ab75a1a7dab6dcc698e62e375e1017113e8e983fccbd56115/jiter-0.9.0-cp311-cp311-manylinux_2_17_s390x.manylinux2014_s390x.whl", hash = "sha256:3c7adb66f899ffa25e3c92bfcb593391ee1947dbdd6a9a970e0d7e713237d572", size = 396625 },
    { url = "https://files.pythonhosted.org/packages/be/bd/976b458add04271ebb5a255e992bd008546ea04bb4dcadc042a16279b4b4/jiter-0.9.0-cp311-cp311-manylinux_2_17_x86_64.manylinux2014_x86_64.whl", hash = "sha256:c98d27330fdfb77913c1097a7aab07f38ff2259048949f499c9901700789ac15", size = 351832 },
    { url = "https://files.pythonhosted.org/packages/07/51/fe59e307aaebec9265dbad44d9d4381d030947e47b0f23531579b9a7c2df/jiter-0.9.0-cp311-cp311-manylinux_2_5_i686.manylinux1_i686.whl", hash = "sha256:eda3f8cc74df66892b1d06b5d41a71670c22d95a1ca2cbab73654745ce9d0419", size = 384590 },
    { url = "https://files.pythonhosted.org/packages/db/55/5dcd2693794d8e6f4889389ff66ef3be557a77f8aeeca8973a97a7c00557/jiter-0.9.0-cp311-cp311-musllinux_1_1_aarch64.whl", hash = "sha256:dd5ab5ddc11418dce28343123644a100f487eaccf1de27a459ab36d6cca31043", size = 520690 },
    { url = "https://files.pythonhosted.org/packages/54/d5/9f51dc90985e9eb251fbbb747ab2b13b26601f16c595a7b8baba964043bd/jiter-0.9.0-cp311-cp311-musllinux_1_1_x86_64.whl", hash = "sha256:42f8a68a69f047b310319ef8e2f52fdb2e7976fb3313ef27df495cf77bcad965", size = 512649 },
    { url = "https://files.pythonhosted.org/packages/a6/e5/4e385945179bcf128fa10ad8dca9053d717cbe09e258110e39045c881fe5/jiter-0.9.0-cp311-cp311-win32.whl", hash = "sha256:a25519efb78a42254d59326ee417d6f5161b06f5da827d94cf521fed961b1ff2", size = 206920 },
    { url = "https://files.pythonhosted.org/packages/4c/47/5e0b94c603d8e54dd1faab439b40b832c277d3b90743e7835879ab663757/jiter-0.9.0-cp311-cp311-win_amd64.whl", hash = "sha256:923b54afdd697dfd00d368b7ccad008cccfeb1efb4e621f32860c75e9f25edbd", size = 210119 },
]

[[package]]
name = "mirascope"
version = "1.22.3"
source = { registry = "https://pypi.org/simple" }
dependencies = [
    { name = "docstring-parser" },
    { name = "jiter" },
    { name = "pydantic" },
    { name = "typing-extensions" },
]
sdist = { url = "https://files.pythonhosted.org/packages/9e/2d/31882ab881bb3f98ec23447aa324314fa38dedda34e454598f77a1c0b10b/mirascope-1.22.3.tar.gz", hash = "sha256:f19883b702153327cbd7f491b47a36f468e738d66c8b6bde1aa6dd273a7a3d15", size = 66778846 }
wheels = [
    { url = "https://files.pythonhosted.org/packages/67/b8/e40201b0bf575cdb4e5a8b7aa2b2f1608a0c3eff9428353d7fbfa7f61949/mirascope-1.22.3-py3-none-any.whl", hash = "sha256:91c78a1eb868a803d51b61b341782d046590515a55a1d674818908179127627e", size = 369466 },
]

[[package]]
name = "pydantic"
version = "2.11.3"
source = { registry = "https://pypi.org/simple" }
dependencies = [
    { name = "annotated-types" },
    { name = "pydantic-core" },
    { name = "typing-extensions" },
    { name = "typing-inspection" },
]
sdist = { url = "https://files.pythonhosted.org/packages/10/2e/ca897f093ee6c5f3b0bee123ee4465c50e75431c3d5b6a3b44a47134e891/pydantic-2.11.3.tar.gz", hash = "sha256:7471657138c16adad9322fe3070c0116dd6c3ad8d649300e3cbdfe91f4db4ec3", size = 785513 }
wheels = [
    { url = "https://files.pythonhosted.org/packages/b0/1d/407b29780a289868ed696d1616f4aad49d6388e5a77f567dcd2629dcd7b8/pydantic-2.11.3-py3-none-any.whl", hash = "sha256:a082753436a07f9ba1289c6ffa01cd93db3548776088aa917cc43b63f68fa60f", size = 443591 },
]

[[package]]
name = "pydantic-core"
version = "2.33.1"
source = { registry = "https://pypi.org/simple" }
dependencies = [
    { name = "typing-extensions" },
]
sdist = { url = "https://files.pythonhosted.org/packages/17/19/ed6a078a5287aea7922de6841ef4c06157931622c89c2a47940837b5eecd/pydantic_core-2.33.1.tar.gz", hash = "sha256:bcc9c6fdb0ced789245b02b7d6603e17d1563064ddcfc36f046b61c0c05dd9df", size = 434395 }
wheels = [
    { url = "https://files.pythonhosted.org/packages/d6/7f/c6298830cb780c46b4f46bb24298d01019ffa4d21769f39b908cd14bbd50/pydantic_core-2.33.1-cp311-cp311-macosx_10_12_x86_64.whl", hash = "sha256:6e966fc3caaf9f1d96b349b0341c70c8d6573bf1bac7261f7b0ba88f96c56c24", size = 2044224 },
    { url = "https://files.pythonhosted.org/packages/a8/65/6ab3a536776cad5343f625245bd38165d6663256ad43f3a200e5936afd6c/pydantic_core-2.33.1-cp311-cp311-macosx_11_0_arm64.whl", hash = "sha256:bfd0adeee563d59c598ceabddf2c92eec77abcb3f4a391b19aa7366170bd9e30", size = 1858845 },
    { url = "https://files.pythonhosted.org/packages/e9/15/9a22fd26ba5ee8c669d4b8c9c244238e940cd5d818649603ca81d1c69861/pydantic_core-2.33.1-cp311-cp311-manylinux_2_17_aarch64.manylinux2014_aarch64.whl", hash = "sha256:91815221101ad3c6b507804178a7bb5cb7b2ead9ecd600041669c8d805ebd595", size = 1910029 },
    { url = "https://files.pythonhosted.org/packages/d5/33/8cb1a62818974045086f55f604044bf35b9342900318f9a2a029a1bec460/pydantic_core-2.33.1-cp311-cp311-manylinux_2_17_armv7l.manylinux2014_armv7l.whl", hash = "sha256:9fea9c1869bb4742d174a57b4700c6dadea951df8b06de40c2fedb4f02931c2e", size = 1997784 },
    { url = "https://files.pythonhosted.org/packages/c0/ca/49958e4df7715c71773e1ea5be1c74544923d10319173264e6db122543f9/pydantic_core-2.33.1-cp311-cp311-manylinux_2_17_ppc64le.manylinux2014_ppc64le.whl", hash = "sha256:1d20eb4861329bb2484c021b9d9a977566ab16d84000a57e28061151c62b349a", size = 2141075 },
    { url = "https://files.pythonhosted.org/packages/7b/a6/0b3a167a9773c79ba834b959b4e18c3ae9216b8319bd8422792abc8a41b1/pydantic_core-2.33.1-cp311-cp311-manylinux_2_17_s390x.manylinux2014_s390x.whl", hash = "sha256:0fb935c5591573ae3201640579f30128ccc10739b45663f93c06796854405505", size = 2745849 },
    { url = "https://files.pythonhosted.org/packages/0b/60/516484135173aa9e5861d7a0663dce82e4746d2e7f803627d8c25dfa5578/pydantic_core-2.33.1-cp311-cp311-manylinux_2_17_x86_64.manylinux2014_x86_64.whl", hash = "sha256:c964fd24e6166420d18fb53996d8c9fd6eac9bf5ae3ec3d03015be4414ce497f", size = 2005794 },
    { url = "https://files.pythonhosted.org/packages/86/70/05b1eb77459ad47de00cf78ee003016da0cedf8b9170260488d7c21e9181/pydantic_core-2.33.1-cp311-cp311-manylinux_2_5_i686.manylinux1_i686.whl", hash = "sha256:681d65e9011f7392db5aa002b7423cc442d6a673c635668c227c6c8d0e5a4f77", size = 2123237 },
    { url = "https://files.pythonhosted.org/packages/c7/57/12667a1409c04ae7dc95d3b43158948eb0368e9c790be8b095cb60611459/pydantic_core-2.33.1-cp311-cp311-musllinux_1_1_aarch64.whl", hash = "sha256:e100c52f7355a48413e2999bfb4e139d2977a904495441b374f3d4fb4a170961", size = 2086351 },
    { url = "https://files.pythonhosted.org/packages/57/61/cc6d1d1c1664b58fdd6ecc64c84366c34ec9b606aeb66cafab6f4088974c/pydantic_core-2.33.1-cp311-cp311-musllinux_1_1_armv7l.whl", hash = "sha256:048831bd363490be79acdd3232f74a0e9951b11b2b4cc058aeb72b22fdc3abe1", size = 2258914 },
    { url = "https://files.pythonhosted.org/packages/d1/0a/edb137176a1f5419b2ddee8bde6a0a548cfa3c74f657f63e56232df8de88/pydantic_core-2.33.1-cp311-cp311-musllinux_1_1_x86_64.whl", hash = "sha256:bdc84017d28459c00db6f918a7272a5190bec3090058334e43a76afb279eac7c", size = 2257385 },
    { url = "https://files.pythonhosted.org/packages/26/3c/48ca982d50e4b0e1d9954919c887bdc1c2b462801bf408613ccc641b3daa/pydantic_core-2.33.1-cp311-cp311-win32.whl", hash = "sha256:32cd11c5914d1179df70406427097c7dcde19fddf1418c787540f4b730289896", size = 1923765 },
    { url = "https://files.pythonhosted.org/packages/33/cd/7ab70b99e5e21559f5de38a0928ea84e6f23fdef2b0d16a6feaf942b003c/pydantic_core-2.33.1-cp311-cp311-win_amd64.whl", hash = "sha256:2ea62419ba8c397e7da28a9170a16219d310d2cf4970dbc65c32faf20d828c83", size = 1950688 },
    { url = "https://files.pythonhosted.org/packages/4b/ae/db1fc237b82e2cacd379f63e3335748ab88b5adde98bf7544a1b1bd10a84/pydantic_core-2.33.1-cp311-cp311-win_arm64.whl", hash = "sha256:fc903512177361e868bc1f5b80ac8c8a6e05fcdd574a5fb5ffeac5a9982b9e89", size = 1908185 },
    { url = "https://files.pythonhosted.org/packages/0b/76/1794e440c1801ed35415238d2c728f26cd12695df9057154ad768b7b991c/pydantic_core-2.33.1-pp311-pypy311_pp73-macosx_10_12_x86_64.whl", hash = "sha256:3a371dc00282c4b84246509a5ddc808e61b9864aa1eae9ecc92bb1268b82db4a", size = 2042858 },
    { url = "https://files.pythonhosted.org/packages/73/b4/9cd7b081fb0b1b4f8150507cd59d27b275c3e22ad60b35cb19ea0977d9b9/pydantic_core-2.33.1-pp311-pypy311_pp73-macosx_11_0_arm64.whl", hash = "sha256:f59295ecc75a1788af8ba92f2e8c6eeaa5a94c22fc4d151e8d9638814f85c8fc", size = 1873745 },
    { url = "https://files.pythonhosted.org/packages/e1/d7/9ddb7575d4321e40d0363903c2576c8c0c3280ebea137777e5ab58d723e3/pydantic_core-2.33.1-pp311-pypy311_pp73-manylinux_2_17_aarch64.manylinux2014_aarch64.whl", hash = "sha256:08530b8ac922003033f399128505f513e30ca770527cc8bbacf75a84fcc2c74b", size = 1904188 },
    { url = "https://files.pythonhosted.org/packages/d1/a8/3194ccfe461bb08da19377ebec8cb4f13c9bd82e13baebc53c5c7c39a029/pydantic_core-2.33.1-pp311-pypy311_pp73-manylinux_2_17_x86_64.manylinux2014_x86_64.whl", hash = "sha256:bae370459da6a5466978c0eacf90690cb57ec9d533f8e63e564ef3822bfa04fe", size = 2083479 },
    { url = "https://files.pythonhosted.org/packages/42/c7/84cb569555d7179ca0b3f838cef08f66f7089b54432f5b8599aac6e9533e/pydantic_core-2.33.1-pp311-pypy311_pp73-manylinux_2_5_i686.manylinux1_i686.whl", hash = "sha256:e3de2777e3b9f4d603112f78006f4ae0acb936e95f06da6cb1a45fbad6bdb4b5", size = 2118415 },
    { url = "https://files.pythonhosted.org/packages/3b/67/72abb8c73e0837716afbb58a59cc9e3ae43d1aa8677f3b4bc72c16142716/pydantic_core-2.33.1-pp311-pypy311_pp73-musllinux_1_1_aarch64.whl", hash = "sha256:3a64e81e8cba118e108d7126362ea30e021291b7805d47e4896e52c791be2761", size = 2079623 },
    { url = "https://files.pythonhosted.org/packages/0b/cd/c59707e35a47ba4cbbf153c3f7c56420c58653b5801b055dc52cccc8e2dc/pydantic_core-2.33.1-pp311-pypy311_pp73-musllinux_1_1_armv7l.whl", hash = "sha256:52928d8c1b6bda03cc6d811e8923dffc87a2d3c8b3bfd2ce16471c7147a24850", size = 2250175 },
    { url = "https://files.pythonhosted.org/packages/84/32/e4325a6676b0bed32d5b084566ec86ed7fd1e9bcbfc49c578b1755bde920/pydantic_core-2.33.1-pp311-pypy311_pp73-musllinux_1_1_x86_64.whl", hash = "sha256:1b30d92c9412beb5ac6b10a3eb7ef92ccb14e3f2a8d7732e2d739f58b3aa7544", size = 2254674 },
    { url = "https://files.pythonhosted.org/packages/12/6f/5596dc418f2e292ffc661d21931ab34591952e2843e7168ea5a52591f6ff/pydantic_core-2.33.1-pp311-pypy311_pp73-win_amd64.whl", hash = "sha256:f995719707e0e29f0f41a8aa3bcea6e761a36c9136104d3189eafb83f5cec5e5", size = 2080951 },
]

[[package]]
name = "termcolor"
version = "3.0.1"
source = { registry = "https://pypi.org/simple" }
sdist = { url = "https://files.pythonhosted.org/packages/f8/b6/8e2aaa8aeb570b5cc955cd913b083d96c5447bbe27eaf330dfd7cc8e3329/termcolor-3.0.1.tar.gz", hash = "sha256:a6abd5c6e1284cea2934443ba806e70e5ec8fd2449021be55c280f8a3731b611", size = 12935 }
wheels = [
    { url = "https://files.pythonhosted.org/packages/a6/7e/a574ccd49ad07e8b117407bac361f1e096b01f1b620365daf60ff702c936/termcolor-3.0.1-py3-none-any.whl", hash = "sha256:da1ed4ec8a5dc5b2e17476d859febdb3cccb612be1c36e64511a6f2485c10c69", size = 7157 },
]

[[package]]
name = "toml"
version = "0.10.2"
source = { registry = "https://pypi.org/simple" }
sdist = { url = "https://files.pythonhosted.org/packages/be/ba/1f744cdc819428fc6b5084ec34d9b30660f6f9daaf70eead706e3203ec3c/toml-0.10.2.tar.gz", hash = "sha256:b3bda1d108d5dd99f4a20d24d9c348e91c4db7ab1b749200bded2f839ccbe68f", size = 22253 }
wheels = [
    { url = "https://files.pythonhosted.org/packages/44/6f/7120676b6d73228c96e17f1f794d8ab046fc910d781c8d151120c3f1569e/toml-0.10.2-py2.py3-none-any.whl", hash = "sha256:806143ae5bfb6a3c6e736a764057db0e6a0e05e338b5630894a5f779cabb4f9b", size = 16588 },
]

[[package]]
name = "tree-sitter"
version = "0.24.0"
source = { registry = "https://pypi.org/simple" }
sdist = { url = "https://files.pythonhosted.org/packages/a7/a2/698b9d31d08ad5558f8bfbfe3a0781bd4b1f284e89bde3ad18e05101a892/tree-sitter-0.24.0.tar.gz", hash = "sha256:abd95af65ca2f4f7eca356343391ed669e764f37748b5352946f00f7fc78e734", size = 168304 }
wheels = [
    { url = "https://files.pythonhosted.org/packages/66/08/82aaf7cbea7286ee2a0b43e9b75cb93ac6ac132991b7d3c26ebe5e5235a3/tree_sitter-0.24.0-cp311-cp311-macosx_10_9_x86_64.whl", hash = "sha256:de0fb7c18c6068cacff46250c0a0473e8fc74d673e3e86555f131c2c1346fb13", size = 140733 },
    { url = "https://files.pythonhosted.org/packages/8c/bd/1a84574911c40734d80327495e6e218e8f17ef318dd62bb66b55c1e969f5/tree_sitter-0.24.0-cp311-cp311-macosx_11_0_arm64.whl", hash = "sha256:a7c9c89666dea2ce2b2bf98e75f429d2876c569fab966afefdcd71974c6d8538", size = 134243 },
    { url = "https://files.pythonhosted.org/packages/46/c1/c2037af2c44996d7bde84eb1c9e42308cc84b547dd6da7f8a8bea33007e1/tree_sitter-0.24.0-cp311-cp311-manylinux_2_17_aarch64.manylinux2014_aarch64.whl", hash = "sha256:4ddb113e6b8b3e3b199695b1492a47d87d06c538e63050823d90ef13cac585fd", size = 562030 },
    { url = "https://files.pythonhosted.org/packages/4c/aa/2fb4d81886df958e6ec7e370895f7106d46d0bbdcc531768326124dc8972/tree_sitter-0.24.0-cp311-cp311-manylinux_2_17_x86_64.manylinux2014_x86_64.whl", hash = "sha256:01ea01a7003b88b92f7f875da6ba9d5d741e0c84bb1bd92c503c0eecd0ee6409", size = 575585 },
    { url = "https://files.pythonhosted.org/packages/e3/3c/5f997ce34c0d1b744e0f0c0757113bdfc173a2e3dadda92c751685cfcbd1/tree_sitter-0.24.0-cp311-cp311-musllinux_1_2_x86_64.whl", hash = "sha256:464fa5b2cac63608915a9de8a6efd67a4da1929e603ea86abaeae2cb1fe89921", size = 578203 },
    { url = "https://files.pythonhosted.org/packages/d5/1f/f2bc7fa7c3081653ea4f2639e06ff0af4616c47105dbcc0746137da7620d/tree_sitter-0.24.0-cp311-cp311-win_amd64.whl", hash = "sha256:3b1f3cbd9700e1fba0be2e7d801527e37c49fc02dc140714669144ef6ab58dce", size = 120147 },
    { url = "https://files.pythonhosted.org/packages/c0/4c/9add771772c4d72a328e656367ca948e389432548696a3819b69cdd6f41e/tree_sitter-0.24.0-cp311-cp311-win_arm64.whl", hash = "sha256:f3f08a2ca9f600b3758792ba2406971665ffbad810847398d180c48cee174ee2", size = 108302 },
]

[[package]]
name = "tree-sitter-rust"
version = "0.23.0"
source = { registry = "https://pypi.org/simple" }
sdist = { url = "https://files.pythonhosted.org/packages/27/21/f1c4e956bc118fc5e214186c6257696e8f7c5d86ac7ca160db07d5313723/tree_sitter_rust-0.23.0.tar.gz", hash = "sha256:24c1a2f69ac7a8184403be77d1687b8956e775c99eb7f70d770dba947956d074", size = 312801 }
wheels = [
    { url = "https://files.pythonhosted.org/packages/70/89/daa100afdb65dc3d811b95f5bc28538251358c200fb5cbafb356f5df1ee9/tree_sitter_rust-0.23.0-cp39-abi3-macosx_10_9_x86_64.whl", hash = "sha256:6c30152341748906e9b1ab5749c878543aa874dfb54674375fe314168df45bdc", size = 121989 },
    { url = "https://files.pythonhosted.org/packages/a3/17/3d9dffc7b489382ac2e5512d504fcd7f13eacded18018b8aa46ef1dcdb9a/tree_sitter_rust-0.23.0-cp39-abi3-macosx_11_0_arm64.whl", hash = "sha256:e6adc18ad1f97a0451d23877cd4d4e10f0a0adefa366e8983f0ea73a2ca911d7", size = 129327 },
    { url = "https://files.pythonhosted.org/packages/34/2d/0312417814f06571af83a9b84cde9876db0af7af1b21942b47f18db52025/tree_sitter_rust-0.23.0-cp39-abi3-manylinux_2_17_aarch64.manylinux2014_aarch64.whl", hash = "sha256:f87e61cab7572d299cad9491d6a6f88d61854b33092b05ee3f3a2b358a37dec1", size = 157474 },
    { url = "https://files.pythonhosted.org/packages/fb/47/332fa66846dcca284b5e8a7fba6a8b5392888b30c7a42c1bc4dcc2febf49/tree_sitter_rust-0.23.0-cp39-abi3-manylinux_2_5_x86_64.manylinux1_x86_64.manylinux_2_17_x86_64.manylinux2014_x86_64.whl", hash = "sha256:c1ee6980808ac2062db911f4995ca7aba05bee6fede3da84fdc40708318fbd84", size = 156295 },
    { url = "https://files.pythonhosted.org/packages/f8/00/e77dfa7094e74fdddabcfeaa2422f6381ff4dd963f17427defc4a9586ea6/tree_sitter_rust-0.23.0-cp39-abi3-musllinux_1_2_aarch64.whl", hash = "sha256:e2efe01eb519e2d263c10dacbfaa9d13f8c90e3b098f5a1543f0dc6c3638f7ef", size = 156222 },
    { url = "https://files.pythonhosted.org/packages/f2/c7/7330d39b455d4f325f2c86998a253ddb5a373c63b42d58d54e1b6ce100cb/tree_sitter_rust-0.23.0-cp39-abi3-musllinux_1_2_x86_64.whl", hash = "sha256:4768be1e6409dd089ec8b4d04c03c122d1fd2037843f99ac4735decfc8821bcd", size = 153243 },
    { url = "https://files.pythonhosted.org/packages/ca/43/6b281ee65e9fcfe4a08c6f27f73b637a6be056836d6fd8cae2e052237e72/tree_sitter_rust-0.23.0-cp39-abi3-win_amd64.whl", hash = "sha256:62fcb0243f3759d832a4c46a8be9d01e3119697c5ed3e47c9fdcd4dc353cd7cc", size = 119911 },
]

[[package]]
name = "typing-extensions"
version = "4.13.2"
source = { registry = "https://pypi.org/simple" }
sdist = { url = "https://files.pythonhosted.org/packages/f6/37/23083fcd6e35492953e8d2aaaa68b860eb422b34627b13f2ce3eb6106061/typing_extensions-4.13.2.tar.gz", hash = "sha256:e6c81219bd689f51865d9e372991c540bda33a0379d5573cddb9a3a23f7caaef", size = 106967 }
wheels = [
    { url = "https://files.pythonhosted.org/packages/8b/54/b1ae86c0973cc6f0210b53d508ca3641fb6d0c56823f288d108bc7ab3cc8/typing_extensions-4.13.2-py3-none-any.whl", hash = "sha256:a439e7c04b49fec3e5d3e2beaa21755cadbbdc391694e28ccdd36ca4a1408f8c", size = 45806 },
]

[[package]]
name = "typing-inspection"
version = "0.4.0"
source = { registry = "https://pypi.org/simple" }
dependencies = [
    { name = "typing-extensions" },
]
sdist = { url = "https://files.pythonhosted.org/packages/82/5c/e6082df02e215b846b4b8c0b887a64d7d08ffaba30605502639d44c06b82/typing_inspection-0.4.0.tar.gz", hash = "sha256:9765c87de36671694a67904bf2c96e395be9c6439bb6c87b5142569dcdd65122", size = 76222 }
wheels = [
    { url = "https://files.pythonhosted.org/packages/31/08/aa4fdfb71f7de5176385bd9e90852eaf6b5d622735020ad600f2bab54385/typing_inspection-0.4.0-py3-none-any.whl", hash = "sha256:50e72559fcd2a6367a19f7a7e610e6afcb9fac940c650290eed893d61386832f", size = 14125 },
]
